
Microsoft Visual Studio Solution File, Format Version 12.00
# Visual Studio 2013
VisualStudioVersion = 12.0.31101.0
MinimumVisualStudioVersion = 10.0.40219.1
Project("{FAE04EC0-301F-11D3-BF4B-00C04F79EFBC}") = "AskMJane.LeaflyScraper", "AskMJane.LeaflyScraper\AskMJane.LeaflyScraper.csproj", "{AA8120C9-70BF-4D13-BED0-D2D4E38284C2}"
EndProject
Project("{2150E333-8FDC-42A3-9474-1A3956D46DE8}") = ".nuget", ".nuget", "{B7FBCDAD-B331-446F-A08F-E62D520F3124}"
	ProjectSection(SolutionItems) = preProject
		.nuget\NuGet.Config = .nuget\NuGet.Config
		.nuget\NuGet.exe = .nuget\NuGet.exe
		.nuget\NuGet.targets = .nuget\NuGet.targets
	EndProjectSection
EndProject
Global
	GlobalSection(SolutionConfigurationPlatforms) = preSolution
		Debug|Any CPU = Debug|Any CPU
		Release|Any CPU = Release|Any CPU
	EndGlobalSection
	GlobalSection(ProjectConfigurationPlatforms) = postSolution
		{AA8120C9-70BF-4D13-BED0-D2D4E38284C2}.Debug|Any CPU.ActiveCfg = Debug|Any CPU
		{AA8120C9-70BF-4D13-BED0-D2D4E38284C2}.Debug|Any CPU.Build.0 = Debug|Any CPU
		{AA8120C9-70BF-4D13-BED0-D2D4E38284C2}.Release|Any CPU.ActiveCfg = Release|Any CPU
		{AA8120C9-70BF-4D13-BED0-D2D4E38284C2}.Release|Any CPU.Build.0 = Release|Any CPU
	EndGlobalSection
	GlobalSection(SolutionProperties) = preSolution
		HideSolutionNode = FALSE
	EndGlobalSection
EndGlobal
